
Microsoft Visual Studio Solution File, Format Version 12.00
# Visual Studio 15
VisualStudioVersion = 15.0.28307.168
MinimumVisualStudioVersion = 10.0.40219.1
Project("{FAE04EC0-301F-11D3-BF4B-00C04F79EFBC}") = "girraf", "girraf\girraf.csproj", "{07E00457-2DD1-40DB-9B7A-C19B9E8A82C8}"
EndProject
Global
	GlobalSection(SolutionConfigurationPlatforms) = preSolution
		Debug|Any CPU = Debug|Any CPU
		Release|Any CPU = Release|Any CPU
	EndGlobalSection
	GlobalSection(ProjectConfigurationPlatforms) = postSolution
		{07E00457-2DD1-40DB-9B7A-C19B9E8A82C8}.Debug|Any CPU.ActiveCfg = Debug|Any CPU
		{07E00457-2DD1-40DB-9B7A-C19B9E8A82C8}.Debug|Any CPU.Build.0 = Debug|Any CPU
		{07E00457-2DD1-40DB-9B7A-C19B9E8A82C8}.Release|Any CPU.ActiveCfg = Release|Any CPU
		{07E00457-2DD1-40DB-9B7A-C19B9E8A82C8}.Release|Any CPU.Build.0 = Release|Any CPU
	EndGlobalSection
	GlobalSection(SolutionProperties) = preSolution
		HideSolutionNode = FALSE
	EndGlobalSection
	GlobalSection(ExtensibilityGlobals) = postSolution
		SolutionGuid = {1CA0E993-F152-4723-BE5F-DEAB53D8FC56}
	EndGlobalSection
EndGlobal
