
Microsoft Visual Studio Solution File, Format Version 12.00
# Visual Studio 15
VisualStudioVersion = 15.0.28307.168
MinimumVisualStudioVersion = 10.0.40219.1
Project("{FAE04EC0-301F-11D3-BF4B-00C04F79EFBC}") = "projj", "projj\projj.csproj", "{91196EAF-A265-4F6E-B54D-88E8638D5E14}"
EndProject
Global
	GlobalSection(SolutionConfigurationPlatforms) = preSolution
		Debug|Any CPU = Debug|Any CPU
		Release|Any CPU = Release|Any CPU
	EndGlobalSection
	GlobalSection(ProjectConfigurationPlatforms) = postSolution
		{91196EAF-A265-4F6E-B54D-88E8638D5E14}.Debug|Any CPU.ActiveCfg = Debug|Any CPU
		{91196EAF-A265-4F6E-B54D-88E8638D5E14}.Debug|Any CPU.Build.0 = Debug|Any CPU
		{91196EAF-A265-4F6E-B54D-88E8638D5E14}.Release|Any CPU.ActiveCfg = Release|Any CPU
		{91196EAF-A265-4F6E-B54D-88E8638D5E14}.Release|Any CPU.Build.0 = Release|Any CPU
	EndGlobalSection
	GlobalSection(SolutionProperties) = preSolution
		HideSolutionNode = FALSE
	EndGlobalSection
	GlobalSection(ExtensibilityGlobals) = postSolution
		SolutionGuid = {D95B002D-610D-4971-A1F8-18C3192684A8}
	EndGlobalSection
EndGlobal
